
Microsoft Visual Studio Solution File, Format Version 12.00
# Visual Studio Version 17
VisualStudioVersion = 17.14.36623.8
MinimumVisualStudioVersion = 10.0.40219.1
Project("{FAE04EC0-301F-11D3-BF4B-00C04F79EFBC}") = "EasyPrint", "src\EasyPrint\EasyPrint.csproj", "{48D9BE72-2D4D-E76D-48CC-A33413B78DD2}"
EndProject
Global
	GlobalSection(SolutionConfigurationPlatforms) = preSolution
		Debug|Any CPU = Debug|Any CPU
		Release|Any CPU = Release|Any CPU
	EndGlobalSection
	GlobalSection(ProjectConfigurationPlatforms) = postSolution
		{48D9BE72-2D4D-E76D-48CC-A33413B78DD2}.Debug|Any CPU.ActiveCfg = Debug|Any CPU
		{48D9BE72-2D4D-E76D-48CC-A33413B78DD2}.Debug|Any CPU.Build.0 = Debug|Any CPU
		{48D9BE72-2D4D-E76D-48CC-A33413B78DD2}.Release|Any CPU.ActiveCfg = Release|Any CPU
		{48D9BE72-2D4D-E76D-48CC-A33413B78DD2}.Release|Any CPU.Build.0 = Release|Any CPU
	EndGlobalSection
	GlobalSection(SolutionProperties) = preSolution
		HideSolutionNode = FALSE
	EndGlobalSection
	GlobalSection(ExtensibilityGlobals) = postSolution
		SolutionGuid = {327DC508-7B05-4727-ABD3-06A8B45B0D48}
	EndGlobalSection
EndGlobal
